
Microsoft Visual Studio Solution File, Format Version 12.00
# Visual Studio Version 17
VisualStudioVersion = 17.2.32526.322
MinimumVisualStudioVersion = 10.0.40219.1
Project("{FAE04EC0-301F-11D3-BF4B-00C04F79EFBC}") = "PowerConsumer", "PowerConsumer\PowerConsumer.csproj", "{C58E6748-6452-4DFA-B67F-7B7462FA50D9}"
EndProject
Project("{FAE04EC0-301F-11D3-BF4B-00C04F79EFBC}") = "WaterConsumer", "WaterConsumer\WaterConsumer.csproj", "{31AE6E2D-46AC-4FDB-B3FA-7ABA578A0B2B}"
EndProject
Project("{FAE04EC0-301F-11D3-BF4B-00C04F79EFBC}") = "HeatConsumer", "HeatConsumer\HeatConsumer.csproj", "{DD8DD1ED-881C-4722-9AD0-3DCBF0685BA4}"
EndProject
Project("{2150E333-8FDC-42A3-9474-1A3956D46DE8}") = "Solution Items", "Solution Items", "{2B14A0E2-9B66-4DE1-AE7E-3153693F5553}"
	ProjectSection(SolutionItems) = preProject
		appsettings.json = appsettings.json
	EndProjectSection
EndProject
Global
	GlobalSection(SolutionConfigurationPlatforms) = preSolution
		Debug|Any CPU = Debug|Any CPU
		Release|Any CPU = Release|Any CPU
	EndGlobalSection
	GlobalSection(ProjectConfigurationPlatforms) = postSolution
		{C58E6748-6452-4DFA-B67F-7B7462FA50D9}.Debug|Any CPU.ActiveCfg = Debug|Any CPU
		{C58E6748-6452-4DFA-B67F-7B7462FA50D9}.Debug|Any CPU.Build.0 = Debug|Any CPU
		{C58E6748-6452-4DFA-B67F-7B7462FA50D9}.Release|Any CPU.ActiveCfg = Release|Any CPU
		{C58E6748-6452-4DFA-B67F-7B7462FA50D9}.Release|Any CPU.Build.0 = Release|Any CPU
		{31AE6E2D-46AC-4FDB-B3FA-7ABA578A0B2B}.Debug|Any CPU.ActiveCfg = Debug|Any CPU
		{31AE6E2D-46AC-4FDB-B3FA-7ABA578A0B2B}.Debug|Any CPU.Build.0 = Debug|Any CPU
		{31AE6E2D-46AC-4FDB-B3FA-7ABA578A0B2B}.Release|Any CPU.ActiveCfg = Release|Any CPU
		{31AE6E2D-46AC-4FDB-B3FA-7ABA578A0B2B}.Release|Any CPU.Build.0 = Release|Any CPU
		{DD8DD1ED-881C-4722-9AD0-3DCBF0685BA4}.Debug|Any CPU.ActiveCfg = Debug|Any CPU
		{DD8DD1ED-881C-4722-9AD0-3DCBF0685BA4}.Debug|Any CPU.Build.0 = Debug|Any CPU
		{DD8DD1ED-881C-4722-9AD0-3DCBF0685BA4}.Release|Any CPU.ActiveCfg = Release|Any CPU
		{DD8DD1ED-881C-4722-9AD0-3DCBF0685BA4}.Release|Any CPU.Build.0 = Release|Any CPU
	EndGlobalSection
	GlobalSection(SolutionProperties) = preSolution
		HideSolutionNode = FALSE
	EndGlobalSection
	GlobalSection(ExtensibilityGlobals) = postSolution
		SolutionGuid = {1EADFBBA-FD68-4847-AEA8-06DFBB24317E}
	EndGlobalSection
EndGlobal
